
Microsoft Visual Studio Solution File, Format Version 12.00
# Visual Studio Version 16
VisualStudioVersion = 16.0.32802.440
MinimumVisualStudioVersion = 10.0.40219.1
Project("{FAE04EC0-301F-11D3-BF4B-00C04F79EFBC}") = "FilePractice", "FilePractice\FilePractice.csproj", "{733647B4-3533-42AC-8193-ED05C24DABED}"
EndProject
Global
	GlobalSection(SolutionConfigurationPlatforms) = preSolution
		Debug|Any CPU = Debug|Any CPU
		Release|Any CPU = Release|Any CPU
	EndGlobalSection
	GlobalSection(ProjectConfigurationPlatforms) = postSolution
		{733647B4-3533-42AC-8193-ED05C24DABED}.Debug|Any CPU.ActiveCfg = Debug|Any CPU
		{733647B4-3533-42AC-8193-ED05C24DABED}.Debug|Any CPU.Build.0 = Debug|Any CPU
		{733647B4-3533-42AC-8193-ED05C24DABED}.Release|Any CPU.ActiveCfg = Release|Any CPU
		{733647B4-3533-42AC-8193-ED05C24DABED}.Release|Any CPU.Build.0 = Release|Any CPU
	EndGlobalSection
	GlobalSection(SolutionProperties) = preSolution
		HideSolutionNode = FALSE
	EndGlobalSection
	GlobalSection(ExtensibilityGlobals) = postSolution
		SolutionGuid = {C9E34221-7E38-4A93-ABDE-6FCC40FA33BB}
	EndGlobalSection
EndGlobal
